# THIS IS AN AUTOGENERATED FILE. DO NOT EDIT THIS FILE DIRECTLY.
# yarn lockfile v1


"@babel/code-frame@7.14.5":
  version "7.14.5"
  resolved "https://registry.yarnpkg.com/@babel/code-frame/-/code-frame-7.14.5.tgz#4573bd7a924a198e3b1b627e0d071c4ae7d6e8c2"
  integrity sha512-/3G8Sj6Jj4zSvd2Jy++BMvoGb4IDNG97BYi4rF6B9/uw5/orhEEY/McL9a8kKh3fK+Qw1W+ZMD0jrm4XuygFw==
  dependencies:
    "@babel/highlight" "^7.14.5"

"@babel/compat-data@^7.15.0", "@babel/compat-data@^7.16.12", "@babel/compat-data@^7.16.5", "@babel/compat-data@^7.2.5", "@babel/compat-data@^7.3.0", "@babel/compat-data@^7.5.0", "@babel/compat-data@^7.8.0":
  version "7.17.0"
  resolved "https://registry.yarnpkg.com/@babel/compat-data/-/compat-data-7.17.0.tgz#dbf8855c70b8004f48b2bdf4a914617b9bb1993c"
  integrity sha512-QztA41RoCSoSOrXJf35v0zzMjqwTps8tEWGAKwDckhP+vEz/3eZNIDl7r7vP9op7PJm9eqK2lZaELiBl0uP0Ew==

"@babel/core@^7.15.0", "@babel/core@^7.17.0", "@babel/core@^7.8.0", "@babel/core@^7.9.0":
  version "7.17.0"
  resolved "https://registry.yarnpkg.com/@babel/core/-/core-7.17.0.tgz#4d9ae43a6d0323bd7acdae1798e1d2f7540f480a"
  integrity sha512-egX2AV54FvwA9ahSkiEdUf3dQIv9qIqv4vqF8fA7aDbL9TzIb0LoN+MBfyNG1DGBmk5AVYBpVezMqmNY6cB0w==
  dependencies:
    "@babel/code-frame" "^7.14.5"
    "@babel/generator" "^7.17.0"
    "@babel/helper-module-transforms" "^7.17.0"
    "@babel/helpers" "^7.17.0"
    "@babel/parser" "^7.17.0"
    "@babel/template" "^7.17.0"
    "@babel/traverse" "^7.17.0"
    "@babel/types" "^7.17.0"
    convert-source-map "^1.7.0"
    debug "^4.1.0"
    gensync "^1.0.0-beta.1"
    json5 "^2.1.0"
    lodash "^4.17.21"
    resolve "^1.3.2"
    semver "^6.3.0"
    source-map "^0.5.0"

"@babel/generator@^7.17.0":
  version "7.17.0"
  resolved "https://registry.yarnpkg.com/@babel/generator/-/generator-7.17.0.tgz#0d91e4fc34efb3c8e484468b1a5b53db4a48ac34"
  integrity sha512-KRfwT6rWf9sk5Ji74KpnkBRt06H+tKVBbHKfuI+s/g+HLehfrYjK1MD6+Dwv5S3z2BDbIldBwdfHzNOhaq6Hw==
  dependencies:
    "@babel/types" "^7.17.0"
    jsesc "^2.5.1"
    lodash "^4.17.21"
    source-map "^0.5.0"

"@babel/helper-compilation-targets@^7.16.5":
  version "7.16.7"
  resolved "https://registry.yarnpkg.com/@babel/helper-compilation-targets/-/helper-compilation-targets-7.16.7.tgz#b4312e54e35d1a7d6cd0ac6c6dd88c457b846e29"
  integrity sha512-13eG3v9rkw0Qw2WmaWB5+eYR0+GbVHLWTdHFQcZHp5pOm7IefuCDOVZxrszbdU0ED+sd02SMyEIVD96cO3KMQ==

"@babel/helper-module-transforms@^7.17.0":
  version "7.17.0"
  resolved "https://registry.yarnpkg.com/@babel/helper-module-transforms/-/helper-module-transforms-7.17.0.tgz#a91277566e9c61d4b44a3dbed63c9f6e1f0734e6"
  integrity sha512-mI5DeS+0ayP9ocjFpDXJe9Yl9fJ81KeIs1R2SnT3i7IaPznmC3yN2RYUTB1YHvdI1D/ax+vJPDMjYCCkj+AKA==
  dependencies:
    "@babel/helper-compilation-targets" "^7.16.5"
    "@babel/helper-module-imports" "^7.17.0"
    "@babel/helper-replace-supers" "^7.17.0"
    "@babel/helper-simple-access" "^7.17.0"
    "@babel/helper-split-export-declaration" "^7.17.0"
    "@babel/helper-validator-identifier" "^7.17.0"
    "@babel/template" "^7.17.0"
    "@babel/traverse" "^7.17.0"
    "@babel/types" "^7.17.0"

"@babel/helper-module-imports@^7.17.0":
  version "7.17.0"
  resolved "https://registry.yarnpkg.com/@babel/helper-module-imports/-/helper-module-imports-7.17.0.tgz#1e147da1ec360da4681f2117fb39c552572b3b19"
  integrity sha512-w1D03N7j24lVrjz7kI4iFpG8jNFhN7UQGohBXMJ5aU7kJqNa5TRNB0UEWwvFvjsbFlJyC5jB9gZdmB2tAXmbA==
  dependencies:
    "@babel/types" "^7.17.0"

"@babel/helper-replace-supers@^7.17.0":
  version "7.17.0"
  resolved "https://registry.yarnpkg.com/@babel/helper-replace-supers/-/helper-replace-supers-7.17.0.tgz#572eb9740f18b1b8a69f09889c02f86fc25b82d2"
  integrity sha512-WnsX91SqPbZm5RQ4E95t4S8Ub67Ddb5efMy2yUfbJWZZF16pYDgiUZBt/aDrEBBqJ5VbJrOq/6NDn87SesU9w==
  dependencies:
    "@babel/helper-member-expression-to-functions" "^7.17.0"
    "@babel/helper-optimise-call-expression" "^7.17.0"
    "@babel/traverse" "^7.17.0"
    "@babel/types" "^7.17.0"

"@babel/helper-simple-access@^7.17.0":
  version "7.17.0"
  resolved "https://registry.yarnpkg.com/@babel/helper-simple-access/-/helper-simple-access-7.17.0.tgz#f20b672bac8cd26078f3f16c14a7cf69a9ec0352"
  integrity sha512-Q0jzsiX1QDrQ5wUPM2vWEN0vSoRMZILp/4lRIhmqiXIdw5wYb47P6TjP6trR5RjMK8uZlwFRGYmH4jxJvHrg==
  dependencies:
    "@babel/template" "^7.17.0"
    "@babel/types" "^7.17.0"

"@babel/helper-split-export-declaration@^7.17.0":
  version "7.17.0"
  resolved "https://registry.yarnpkg.com/@babel/helper-split-export-declaration/-/helper-split-export-declaration-7.17.0.tgz#62e3cc783cda73ca5a53b61e7bb61a3d10b62dc3"
  integrity sha512-JzhCCKTUP3+eD0dDz4Dgjle/fLJG3xRTgNQD/gALwN/OLzq6RQcK0gKV7sVNioRYg2TXc6JGLTkCvjQQ2s5LQ==
  dependencies:
    "@babel/types" "^7.17.0"

"@babel/helper-validator-identifier@^7.17.0":
  version "7.17.0"
  resolved "https://registry.yarnpkg.com/@babel/helper-validator-identifier/-/helper-validator-identifier-7.17.0.tgz#1f2e5e68133c856b3f16e23c6adce4b624b6c411"
  integrity sha512-YIZdGZlT5GRlKzZB4Nv3v2/HcknK3clpvL0zs1mVhDzUZvGmcmDE6aJhu3Sf8gZmu6wXIfQOwHkh0jDXJew9Q==
  dependencies:
    "@babel/types" "^7.17.0"

"@babel/parser@^7.17.0":
  version "7.17.0"
  resolved "https://registry.yarnpkg.com/@babel/parser/-/parser-7.17.0.tgz#45a3bc6b9a66e016cda748e7b72153552c0f8c75"
  integrity sha512-7v3tT+Jswy8Gm9zWkeov4Y2g9vqQIeQYt8Y9sXecm5TfKbDLl3HgH1oq7OEkBww2MlnCVlNCV5WlnUTeuJYxg==

"@babel/plugin-proposal-class-properties@^7.17.0":
  version "7.17.0"
  resolved "https://registry.yarnpkg.com/@babel/plugin-proposal-class-properties/-/plugin-proposal-class-properties-7.17.0.tgz#2400456c0a5c0de4e0b775308c2a65eb9eb1832c"
  integrity sha512-4q9vuzAOUYAgzqPrCUln64+X7sy6/p2ApAlA9tyCISpD48cwy6C9bHzc5wobR73tRp7NdHTBONuCKyJSlrP1w==
  dependencies:
    "@babel/helper-create-class-features-plugin" "^7.17.0"
    "@babel/helper-plugin-utils" "^7.17.0"

"@babel/plugin-transform-runtime@^7.17.0":
  version "7.17.0"
  resolved "https://registry.yarnpkg.com/@babel/plugin-transform-runtime/-/plugin-transform-runtime-7.17.0.tgz#1923a3829cd85372d745a418f9c11952e1025c3a"
  integrity sha512-2TpxFRBu74vjpZvI2PeBkYRsXXI76oVFXckFP0xzjHezY2sVq53dE1SWInKLjQ9mpt+h6uEJbNKtE0Dhmp6nw==
  dependencies:
    "@babel/helper-module-imports" "^7.17.0"
    "@babel/helper-plugin-utils" "^7.17.0"
    resolve "^1.18.1"
    semver "^6.3.0"

"@babel/preset-env@7.17.0":
  version "7.17.0"
  resolved "https://registry.yarnpkg.com/@babel/preset-env/-/preset-env-7.17.0.tgz#4e9356c5a33b9f413d58bcb055a59fc2dcb3b527"
  integrity sha512-F+3zmEEpSt6l+F7Jr4D0it9PsSTy4XoXN+Cl7NNXmSSy6H2QjWuj0LdHgxX9nu6plQf34Z61qHb5bn6IVsAdQ==
  dependencies:
    "@babel/compat-data" "^7.17.0"
    "@babel/helper-compilation-targets" "^7.16.5"
    "@babel/helper-module-transforms" "^7.17.0"
    "@babel/helper-plugin-utils" "^7.17.0"
    "@babel/plugin-proposal-class-properties" "^7.17.0"
    "@babel/plugin-transform-runtime" "^7.17.0"
    "@babel/plugin-transform-shorthand-properties" "^7.17.0"
    "@babel/plugin-transform-spread" "^7.17.0"
    "@babel/plugin-transform-template-literals" "^7.17.0"
    "@babel/plugin-transform-typeof-symbol" "^7.17.0"
    "@babel/plugin-transform-unicode-escapes" "^7.17.0"
    "@babel/plugin-transform-unicode-regex" "^7.17.0"
    resolve "^1.18.1"
    semver "^6.3.0"

"@babel/preset-typescript@7.17.0":
  version "7.17.0"
  resolved "https://registry.yarnpkg.com/@babel/preset-typescript/-/preset-typescript-7.17.0.tgz#b36ec712b2d15b6de09c3b1c9ec0a7ee4df33da7"
  integrity sha512-JioqSQr4vYRdZ7XJKotd4Fvi0iWcPe3uCaJ9BYm0fZPDVf4l1suNig/j6Id24Gy+hILvKnbKXUjBbxwI6rEaQ==
  dependencies:
    "@babel/helper-plugin-utils" "^7.17.0"
    "@babel/plugin-transform-typescript" "^7.17.0"

"@babel/template@^7.17.0":
  version "7.17.0"
  resolved "https://registry.yarnpkg.com/@babel/template/-/template-7.17.0.tgz#d2c0aeb057e9291f827c6fa06c9e5a2eb32a2db2"
  integrity sha512-1l8EAwzPCs3Yk3ArJQuUnqxF4yIBOq/o3dcLFGQ7EipYDKuNwUwH0f9e8PmKsTj2QqsiE+mbDSViK8RIV7Y/A==
  dependencies:
    "@babel/code-frame" "^7.17.0"
    "@babel/parser" "^7.17.0"
    "@babel/types" "^7.17.0"

"@babel/traverse@^7.17.0":
  version "7.17.0"
  resolved "https://registry.yarnpkg.com/@babel/traverse/-/traverse-7.17.0.tgz#42ecf905ac116e8be0bb9f877eea55a12d91e5d3"
  integrity sha512-ko9kPZm4AKr03GccGez9lj6igzR+g6+t5rSv9AaTAKgyYiUT/NiMk3DRwUPcpX0dp5Bun55SE9V2I4mcw48ew==
  dependencies:
    "@babel/code-frame" "^7.14.5"
    "@babel/generator" "^7.17.0"
    "@babel/helper-function-name" "^7.17.0"
    "@babel/helper-member-expression-to-functions" "^7.17.0"
    "@babel/helper-optimise-call-expression" "^7.17.0"
    "@babel/helper-replace-supers" "^7.17.0"
    "@babel/helper-split-export-declaration" "^7.17.0"
    "@babel/helper-validator-identifier" "^7.17.0"
    "@babel/parser" "^7.17.0"
    "@babel/types" "^7.17.0"
    debug "^4.1.0"
    globals "^11.1.0"

"@babel/types@^7.17.0":
  version "7.17.0"
  resolved "https://registry.yarnpkg.com/@babel/types/-/types-7.17.0.tgz#91d242f74e5a0c259c4bbf0a92afed12cc3b141e"
  integrity sha512-G36xtZZ6FDcZH+/HJN8/QA4lGZDf8dG5GXyVfC+wdz+tb+Vb5ejm/4s+FuKptn4lvvYitE4eI9+5Yf4/15Xkg==

convert-source-map@^1.7.0:
  version "1.8.0"
  resolved "https://registry.yarnpkg.com/convert-source-map/-/convert-source-map-1.8.0.tgz#bbe03447b14e46614f9a0f9f2e5c39d379a8b163"
  integrity sha512-+OQdjP49zViI/6i7nIJpA8rAl4sV/JdPfU9nZs3VqOwGIgizICvuN2ru6fMd+4llL0tar18UYJXfZ/TWtmhUg==
  dependencies:
    safe-buffer "~5.1.1"

debug@^4.1.0:
  version "4.3.1"
  resolved "https://registry.yarnpkg.com/debug/-/debug-4.3.1.tgz#88a8a4f7c68a5f83b60c7dbc58f8fdba9d3bd27e"
  integrity sha512-doEwdvm4PCeK4Kb/tzL50lB1o0G6DwZ/WWmBQioDINdvkXt4Ptp2wble6l3bLbRnpwqZnsa5kfLkop0W/UrNaw==
  dependencies:
    ms "^2.1.1"

gensync@^1.0.0-beta.1:
  version "1.0.0-beta.2"
  resolved "https://registry.yarnpkg.com/gensync/-/gensync-1.0.0-beta.2.tgz#46c07b1b64a6e98fcb1f3cfd406833e3fa6db6a1"
  integrity sha512-r8EC6NO1sngH/zdD9fiRDLdcgnbayXah+mLgManTaIZJqEC1MZstmnox8KpnI2/fxQwrp5OpCOYWLp4rBl4Jg==

globals@^11.1.0:
  version "11.12.0"
  resolved "https://registry.yarnpkg.com/globals/-/globals-11.12.0.tgz#0b3e106392f84d3b7a295cd29b03d9c9975f0061"
  integrity sha512-ZkS5PBpF6k2j3n2eHheT5HFn0qd8VShC1uZNvu6q4J2SK3QidnNAGQ8Npm4JEYN6A4RfoMbhvuN5Nd21JiXTA==

json5@^2.1.0:
  version "2.2.0"
  resolved "https://registry.yarnpkg.com/json5/-/json5-2.2.0.tgz#840a4fdb075785fd4891d8164639718250e229e5"
  integrity sha512-bHDy+4G3dPTJcS5Ogkw2vT1SpfY6GPpv8Rw8L/YdE9DSJdk9W/wZ+8/Tj4uUyT5hDskfdobQD8ri3TSUQW9eA==

lodash@^4.17.21:
  version "4.17.21"
  resolved "https://registry.yarnpkg.com/lodash/-/lodash-4.17.21.tgz#5b98a34dc6c0328eefea04d91f21f2f7d9e8a3ed"
  integrity sha512-v2kDEe57lecTulaDIuNTPy3Ry4gLGJ6Z1O3vE1krgXZNrsQ+LFTGHVxVjcXPs17LhbZVGedAJv8XZ1tvj5FvQ==

resolve@^1.18.1:
  version "1.20.0"
  resolved "https://registry.yarnpkg.com/resolve/-/resolve-1.20.0.tgz#70878c6c0f9c7fe2331f6e90e9141c7966365b2d"
  integrity sha512-wENBPt4ySzg4ybFQW2TT1zMQucPK95HSh/nq2CFTZVOGut2+pQvSsgtda4d26YrYcr067wjbmzOG8byDPBX63A==
  dependencies:
    is-core-module "^2.2.0"
    path-parse "^1.0.6"

semver@^6.3.0:
  version "6.3.0"
  resolved "https://registry.yarnpkg.com/semver/-/semver-6.3.0.tgz#e4e6b766d25d32295467fd539dfafb9ec6e2f5e6"
  integrity sha512-b39TBaTSfV6yBrapU89p5fKekE2m/NwnDocOVruQFS1/veMgdzuPcnOM34M6CwxW8jH/lxEa5rBoDeUwu5HHTw==

source-map@^0.5.0:
  version "0.5.7"
  resolved "https://registry.yarnpkg.com/source-map/-/source-map-0.5.7.tgz#8c36ebcadee082b6a68cc36676d2f3ab54f09eee"
  integrity sha1-igOdLRAh0i0eoUyA2OpGi6LvP8w=

